{
  "name": "BitShift",
  "lockfileVersion": 2,
  "requires": true,
  "packages": {
    "": {
      "dependencies": {
        "color-blend": "^4.0.0"
      }
    },
    "node_modules/color-blend": {
      "version": "4.0.0",
      "resolved": "https://registry.npmjs.org/color-blend/-/color-blend-4.0.0.tgz",
      "integrity": "sha512-fYODTHhI/NG+B5GnzvuL3kiFrK/UnkUezWFTgEPBTY5V+kpyfAn95Vn9sJeeCX6omrCOdxnqCL3CvH+6sXtIbw==",
      "engines": {
        "node": ">=10.0.0"
      }
    }
  },
  "dependencies": {
    "color-blend": {
      "version": "4.0.0",
      "resolved": "https://registry.npmjs.org/color-blend/-/color-blend-4.0.0.tgz",
      "integrity": "sha512-fYODTHhI/NG+B5GnzvuL3kiFrK/UnkUezWFTgEPBTY5V+kpyfAn95Vn9sJeeCX6omrCOdxnqCL3CvH+6sXtIbw=="
    }
  }
}
